{
    "_meta": {
        "hash": {
            "sha256": "f0b1439de85e05d1aa99c3c2cf539d5117502f783c8bc7e554bc8a288ad85901"
        },
        "pipfile-spec": 6,
        "requires": {
            "python_version": "3.7"
        },
        "sources": [
            {
                "name": "pypi",
                "url": "https://pypi.org/simple",
                "verify_ssl": true
            }
        ]
    },
    "default": {
        "attrs": {
            "hashes": [
                "sha256:31b2eced602aa8423c2aea9c76a724617ed67cf9513173fd3a4f03e3a929c7e6",
                "sha256:832aa3cde19744e49938b91fea06d69ecb9e649c93ba974535d08ad92164f700"
            ],
            "markers": "python_version >= '2.7' and python_version not in '3.0, 3.1, 3.2, 3.3'",
            "version": "==20.3.0"
        },
        "aws-cdk.assets": {
            "hashes": [
                "sha256:7005981ce93a77a21404536aa0fddcb6b25529f9c137df8ab9d51e15df10b283",
                "sha256:94ebf31ecffd6827c6e0abc711fb43a6bf7a11b3c098ec549ed09400b42b42ed"
            ],
            "markers": "python_version >= '3.6'",
            "version": "==1.78.0"
        },
        "aws-cdk.aws-applicationautoscaling": {
            "hashes": [
                "sha256:54492898be5cc805df0d74b946ab926e2b809c383695960e12984f4127975315",
                "sha256:6b194dd39d0c9066bbcc0da019518f3c0b444893c090d0a787e8b85ac87e28f7"
            ],
            "markers": "python_version >= '3.6'",
            "version": "==1.78.0"
        },
        "aws-cdk.aws-autoscaling-common": {
            "hashes": [
                "sha256:b3a5e1702c1cc410920c42359fbc5a637af4b157ae76796d27a86a095572e788",
                "sha256:b962d3510f84d01a9a7254e247429bab35088da8e206d45bfd651efe7da8f4ca"
            ],
            "markers": "python_version >= '3.6'",
            "version": "==1.78.0"
        },
        "aws-cdk.aws-cloudwatch": {
            "hashes": [
                "sha256:4b27a8b43e67fda239448663c180613a2e6e6afcce8bbc91f4123f00fa37cca3",
                "sha256:93372393005396cdf48b42a25d13e1f0828317a4d87b96a76788b7fd9fdfdd86"
            ],
            "markers": "python_version >= '3.6'",
            "version": "==1.78.0"
        },
        "aws-cdk.aws-codeguruprofiler": {
            "hashes": [
                "sha256:4f4fa5955accfcf0b0da516eace04af2a608a591dea95d6ddfddb4e04ca9ac8f",
                "sha256:d983480d2c148a4224a4f22477fc342763f5ba69a320137eb7520228195aa326"
            ],
            "markers": "python_version >= '3.6'",
            "version": "==1.78.0"
        },
        "aws-cdk.aws-ec2": {
            "hashes": [
                "sha256:057a03604b148b84c99504fe2dbcfe9da191859427250349859771264b4f741b",
                "sha256:44a5db6d8a82d83ddecfe0e86472cb19cbbb771c5af9a9e99f2fee90aa4d06c8"
            ],
            "markers": "python_version >= '3.6'",
            "version": "==1.78.0"
        },
        "aws-cdk.aws-ecr": {
            "hashes": [
                "sha256:000f557c0aa20e340b57f2fde0e3f550490a1ddda2e0b05e3307297b1563f114",
                "sha256:7b2ba5d46215ec1e46f6ef7eb1f4321a4d7d9501f5462fbe414a384eaff3fe29"
            ],
            "markers": "python_version >= '3.6'",
            "version": "==1.78.0"
        },
        "aws-cdk.aws-ecr-assets": {
            "hashes": [
                "sha256:3432f2e628c0bf91282adfccb595d00ed7c6c6e9109d7f9d8fc3b86e1f3dac17",
                "sha256:df052fc298b76d4992e95fca66d686ff5236ea7c7b7354c79cea5088017294f4"
            ],
            "markers": "python_version >= '3.6'",
            "version": "==1.78.0"
        },
        "aws-cdk.aws-efs": {
            "hashes": [
                "sha256:7a546d9f2da80e196e3c89823c4b0a6e3d3a53beff13fb437476a77bea74ef49",
                "sha256:cc22ae13cfe80aebe3836adfddf3a13f114448e01bc91cb516aafc4655f20a16"
            ],
            "markers": "python_version >= '3.6'",
            "version": "==1.78.0"
        },
        "aws-cdk.aws-events": {
            "hashes": [
                "sha256:99a5be87ea08a6a6d1e7fc9877f081fcfdcdf851b181bc8f05504ce12df62186",
                "sha256:b65ad27f01bc01e8d677d4b1fa8049bb66d4c2e854cf4ba1139299eea82976ef"
            ],
            "markers": "python_version >= '3.6'",
            "version": "==1.78.0"
        },
        "aws-cdk.aws-iam": {
            "hashes": [
                "sha256:69e49177bb189bdd0964a217cb566a19d2621365a89e8bc5051a5358600b5766",
                "sha256:9ab67de426285380c09ddd1cc6b1d8e1023f2ee5dab4a368ace02ed1e8096f9c"
            ],
            "markers": "python_version >= '3.6'",
            "version": "==1.78.0"
        },
        "aws-cdk.aws-kms": {
            "hashes": [
                "sha256:0e6862383137260285674f9ef3e42648c791d50d1bd8d37130cf5a15c1b830c9",
                "sha256:795879786b45673ec141c09ae5e7cd617a2d2c3c172f9182cc48465f46daafec"
            ],
            "markers": "python_version >= '3.6'",
            "version": "==1.78.0"
        },
        "aws-cdk.aws-lambda": {
            "hashes": [
                "sha256:454c1b8e4215a739e8db5b03e247994e15995ac214c7504c8f01b3e49efd9995",
                "sha256:af58a1380854cdac8d2028a96e8408f8fd5c226ccc7d275adcf274e168f9b060"
            ],
            "markers": "python_version >= '3.6'",
            "version": "==1.78.0"
        },
        "aws-cdk.aws-logs": {
            "hashes": [
                "sha256:77cc8df21405e09a8db641daf8f92a987c3a0e796bc5445d2346880bf9275f38",
                "sha256:d4eb17689a02f3342c1317d07190622102503ae43b29400250a2ffbb6d1832cd"
            ],
            "markers": "python_version >= '3.6'",
            "version": "==1.78.0"
        },
        "aws-cdk.aws-s3": {
            "hashes": [
                "sha256:b1f70c9177fb02c3494e105b64c4eee9b653545277574c49d961045252ce6bbc",
                "sha256:ebcf7485a5e22442b59823800b7fb248bba54470826c647d21aa8997a446ca80"
            ],
            "markers": "python_version >= '3.6'",
            "version": "==1.78.0"
        },
        "aws-cdk.aws-s3-assets": {
            "hashes": [
                "sha256:5fb2ff996ed92794a37089de4507c9953a3f7ee92a7ea17b82d50637d37ce2c7",
                "sha256:f4a5f12ace79e638be223171ded76d7f94ff446dfe24565fa37fcacd29f23ace"
            ],
            "markers": "python_version >= '3.6'",
            "version": "==1.78.0"
        },
        "aws-cdk.aws-sns": {
            "hashes": [
                "sha256:744d7b1ced9529d1702dca69ba17194d934e0efc9dcdca8bf8d4d8b37b9dbfe7",
                "sha256:97c5435bc9680e9d7931ffc959fc4734f14a2607027d5b63d29bc7b289e1001e"
            ],
            "markers": "python_version >= '3.6'",
            "version": "==1.78.0"
        },
        "aws-cdk.aws-sns-subscriptions": {
            "hashes": [
                "sha256:4fecec42b3f809561f2abfeaadf7ddd9ff42aa8be71f07281469dfcea0f144b3",
                "sha256:d4a9930f9649c5e7fb2d2ff0f3b7e8823ed3b2aa15dc24727624597f83a544e7"
            ],
            "markers": "python_version >= '3.6'",
            "version": "==1.78.0"
        },
        "aws-cdk.aws-sqs": {
            "hashes": [
                "sha256:6a4370a4da81f1237e7222cfacdaf010cabed2d4baa449d7218fa6851ab68824",
                "sha256:abef8c2ed47cf8bde9e8a5edf512096b62a1145d9bf27de80258073325d1e598"
            ],
            "markers": "python_version >= '3.6'",
            "version": "==1.78.0"
        },
        "aws-cdk.aws-ssm": {
            "hashes": [
                "sha256:1cf7479f9f9315f2d659265407c76daf349608092d7df8222a9b8afdebc429c6",
                "sha256:86b5491cce1c1c84adc30b71455aa378b4a9f3d128c02c800d44f78914a3d1f7"
            ],
            "markers": "python_version >= '3.6'",
            "version": "==1.78.0"
        },
        "aws-cdk.cloud-assembly-schema": {
            "hashes": [
                "sha256:33cff0a7719292e8ab64866becc40eb2c73550aaeb75d197df5eebe430f507c3",
                "sha256:8ebd1961aae8659f69b4e6364f4d6355c0bd850dc1fb2f787e12a475d7adef57"
            ],
            "markers": "python_version >= '3.6'",
            "version": "==1.78.0"
        },
        "aws-cdk.core": {
            "hashes": [
                "sha256:45b12917a932e5aa9deb3dc75eaa03269fb9ceacb5365523843abe9f2cb77405",
                "sha256:790c05cb4bf34387289ec017b526c6aab1dba990a22b5ca1df1e062fc66c0590"
            ],
            "markers": "python_version >= '3.6'",
            "version": "==1.78.0"
        },
        "aws-cdk.cx-api": {
            "hashes": [
                "sha256:c8437427674d9f8c8a2bc8dbfddc62eb138c2db32544c33962e4fa9eaa74f791",
                "sha256:dcbda085bd33c453c501f7e928485c3426418d976e10bef589c7f69f8b40b7f5"
            ],
            "markers": "python_version >= '3.6'",
            "version": "==1.78.0"
        },
        "aws-cdk.region-info": {
            "hashes": [
                "sha256:a6bf42ad929dbb32bbcd19b896e0f985eec67285a7cbdc1d83696c84a534ae6e",
                "sha256:e97f88069a9319e2e81378e1d69f07e5a5ecb3cd8e0d889656e2134115288934"
            ],
            "markers": "python_version >= '3.6'",
            "version": "==1.78.0"
        },
        "caponeme": {
            "editable": true,
            "path": "."
        },
        "cattrs": {
            "hashes": [
                "sha256:967ce8f99b79f112a500fc03d02c4da669966055ea190b0c59a023af0ae33e5f",
                "sha256:a5873cd4745a74388557730247b4bb005d762f8aba0ab7aa55bcbd190bdf3322"
            ],
            "markers": "python_version >= '3.7'",
            "version": "==1.1.2"
        },
        "constructs": {
            "hashes": [
                "sha256:324046bb1f6907193d22335366864d75377da57bace8018f1f3dcb61532502fe",
                "sha256:985700bf7ad322534cc0f5567eb4fa08429f684e5191b0a320d1115759853abb"
            ],
            "markers": "python_version >= '3.6'",
            "version": "==3.2.73"
        },
        "e1839a8": {
            "editable": true,
            "path": "."
        },
        "jsii": {
            "hashes": [
                "sha256:afbd9905f6ddd0b53a07f085767e18619eb6ccf917663b6e69d5a93aaf927825",
                "sha256:c7bb8e7925498a27e677753514751c4e7934886327097e94151766160511620a"
            ],
            "markers": "python_version ~= '3.6'",
            "version": "==1.16.0"
        },
        "publication": {
            "hashes": [
                "sha256:0248885351febc11d8a1098d5c8e3ab2dabcf3e8c0c96db1e17ecd12b53afbe6",
                "sha256:68416a0de76dddcdd2930d1c8ef853a743cc96c82416c4e4d3b5d901c6276dc4"
            ],
            "version": "==0.0.3"
        },
        "python-dateutil": {
            "hashes": [
                "sha256:73ebfe9dbf22e832286dafa60473e4cd239f8592f699aa5adaf10050e6e1823c",
                "sha256:75bb3f31ea686f1197762692a9ee6a7550b59fc6ca3a1f4b5d7e32fb98e2da2a"
            ],
            "markers": "python_version >= '2.7' and python_version not in '3.0, 3.1, 3.2'",
            "version": "==2.8.1"
        },
        "six": {
            "hashes": [
                "sha256:30639c035cdb23534cd4aa2dd52c3bf48f06e5f4a941509c8bafd8ce11080259",
                "sha256:8b74bedcbbbaca38ff6d7491d76f2b06b3592611af620f8426e82dddb04a5ced"
            ],
            "markers": "python_version >= '2.7' and python_version not in '3.0, 3.1, 3.2'",
            "version": "==1.15.0"
        },
        "typing-extensions": {
            "hashes": [
                "sha256:7cb407020f00f7bfc3cb3e7881628838e69d8f3fcab2f64742a5e76b2f841918",
                "sha256:99d4073b617d30288f569d3f13d2bd7548c3a7e4c8de87db09a9d29bb3a4a60c",
                "sha256:dafc7639cde7f1b6e1acc0f457842a83e722ccca8eef5270af2d74792619a89f"
            ],
            "version": "==3.7.4.3"
        }
    },
    "develop": {
        "attrs": {
            "hashes": [
                "sha256:31b2eced602aa8423c2aea9c76a724617ed67cf9513173fd3a4f03e3a929c7e6",
                "sha256:832aa3cde19744e49938b91fea06d69ecb9e649c93ba974535d08ad92164f700"
            ],
            "markers": "python_version >= '2.7' and python_version not in '3.0, 3.1, 3.2, 3.3'",
            "version": "==20.3.0"
        },
        "aws-cdk.assets": {
            "hashes": [
                "sha256:7005981ce93a77a21404536aa0fddcb6b25529f9c137df8ab9d51e15df10b283",
                "sha256:94ebf31ecffd6827c6e0abc711fb43a6bf7a11b3c098ec549ed09400b42b42ed"
            ],
            "markers": "python_version >= '3.6'",
            "version": "==1.78.0"
        },
        "aws-cdk.aws-applicationautoscaling": {
            "hashes": [
                "sha256:54492898be5cc805df0d74b946ab926e2b809c383695960e12984f4127975315",
                "sha256:6b194dd39d0c9066bbcc0da019518f3c0b444893c090d0a787e8b85ac87e28f7"
            ],
            "markers": "python_version >= '3.6'",
            "version": "==1.78.0"
        },
        "aws-cdk.aws-autoscaling-common": {
            "hashes": [
                "sha256:b3a5e1702c1cc410920c42359fbc5a637af4b157ae76796d27a86a095572e788",
                "sha256:b962d3510f84d01a9a7254e247429bab35088da8e206d45bfd651efe7da8f4ca"
            ],
            "markers": "python_version >= '3.6'",
            "version": "==1.78.0"
        },
        "aws-cdk.aws-cloudwatch": {
            "hashes": [
                "sha256:4b27a8b43e67fda239448663c180613a2e6e6afcce8bbc91f4123f00fa37cca3",
                "sha256:93372393005396cdf48b42a25d13e1f0828317a4d87b96a76788b7fd9fdfdd86"
            ],
            "markers": "python_version >= '3.6'",
            "version": "==1.78.0"
        },
        "aws-cdk.aws-codeguruprofiler": {
            "hashes": [
                "sha256:4f4fa5955accfcf0b0da516eace04af2a608a591dea95d6ddfddb4e04ca9ac8f",
                "sha256:d983480d2c148a4224a4f22477fc342763f5ba69a320137eb7520228195aa326"
            ],
            "markers": "python_version >= '3.6'",
            "version": "==1.78.0"
        },
        "aws-cdk.aws-ec2": {
            "hashes": [
                "sha256:057a03604b148b84c99504fe2dbcfe9da191859427250349859771264b4f741b",
                "sha256:44a5db6d8a82d83ddecfe0e86472cb19cbbb771c5af9a9e99f2fee90aa4d06c8"
            ],
            "markers": "python_version >= '3.6'",
            "version": "==1.78.0"
        },
        "aws-cdk.aws-ecr": {
            "hashes": [
                "sha256:000f557c0aa20e340b57f2fde0e3f550490a1ddda2e0b05e3307297b1563f114",
                "sha256:7b2ba5d46215ec1e46f6ef7eb1f4321a4d7d9501f5462fbe414a384eaff3fe29"
            ],
            "markers": "python_version >= '3.6'",
            "version": "==1.78.0"
        },
        "aws-cdk.aws-ecr-assets": {
            "hashes": [
                "sha256:3432f2e628c0bf91282adfccb595d00ed7c6c6e9109d7f9d8fc3b86e1f3dac17",
                "sha256:df052fc298b76d4992e95fca66d686ff5236ea7c7b7354c79cea5088017294f4"
            ],
            "markers": "python_version >= '3.6'",
            "version": "==1.78.0"
        },
        "aws-cdk.aws-efs": {
            "hashes": [
                "sha256:7a546d9f2da80e196e3c89823c4b0a6e3d3a53beff13fb437476a77bea74ef49",
                "sha256:cc22ae13cfe80aebe3836adfddf3a13f114448e01bc91cb516aafc4655f20a16"
            ],
            "markers": "python_version >= '3.6'",
            "version": "==1.78.0"
        },
        "aws-cdk.aws-events": {
            "hashes": [
                "sha256:99a5be87ea08a6a6d1e7fc9877f081fcfdcdf851b181bc8f05504ce12df62186",
                "sha256:b65ad27f01bc01e8d677d4b1fa8049bb66d4c2e854cf4ba1139299eea82976ef"
            ],
            "markers": "python_version >= '3.6'",
            "version": "==1.78.0"
        },
        "aws-cdk.aws-iam": {
            "hashes": [
                "sha256:69e49177bb189bdd0964a217cb566a19d2621365a89e8bc5051a5358600b5766",
                "sha256:9ab67de426285380c09ddd1cc6b1d8e1023f2ee5dab4a368ace02ed1e8096f9c"
            ],
            "markers": "python_version >= '3.6'",
            "version": "==1.78.0"
        },
        "aws-cdk.aws-kms": {
            "hashes": [
                "sha256:0e6862383137260285674f9ef3e42648c791d50d1bd8d37130cf5a15c1b830c9",
                "sha256:795879786b45673ec141c09ae5e7cd617a2d2c3c172f9182cc48465f46daafec"
            ],
            "markers": "python_version >= '3.6'",
            "version": "==1.78.0"
        },
        "aws-cdk.aws-lambda": {
            "hashes": [
                "sha256:454c1b8e4215a739e8db5b03e247994e15995ac214c7504c8f01b3e49efd9995",
                "sha256:af58a1380854cdac8d2028a96e8408f8fd5c226ccc7d275adcf274e168f9b060"
            ],
            "markers": "python_version >= '3.6'",
            "version": "==1.78.0"
        },
        "aws-cdk.aws-logs": {
            "hashes": [
                "sha256:77cc8df21405e09a8db641daf8f92a987c3a0e796bc5445d2346880bf9275f38",
                "sha256:d4eb17689a02f3342c1317d07190622102503ae43b29400250a2ffbb6d1832cd"
            ],
            "markers": "python_version >= '3.6'",
            "version": "==1.78.0"
        },
        "aws-cdk.aws-s3": {
            "hashes": [
                "sha256:b1f70c9177fb02c3494e105b64c4eee9b653545277574c49d961045252ce6bbc",
                "sha256:ebcf7485a5e22442b59823800b7fb248bba54470826c647d21aa8997a446ca80"
            ],
            "markers": "python_version >= '3.6'",
            "version": "==1.78.0"
        },
        "aws-cdk.aws-s3-assets": {
            "hashes": [
                "sha256:5fb2ff996ed92794a37089de4507c9953a3f7ee92a7ea17b82d50637d37ce2c7",
                "sha256:f4a5f12ace79e638be223171ded76d7f94ff446dfe24565fa37fcacd29f23ace"
            ],
            "markers": "python_version >= '3.6'",
            "version": "==1.78.0"
        },
        "aws-cdk.aws-sns": {
            "hashes": [
                "sha256:744d7b1ced9529d1702dca69ba17194d934e0efc9dcdca8bf8d4d8b37b9dbfe7",
                "sha256:97c5435bc9680e9d7931ffc959fc4734f14a2607027d5b63d29bc7b289e1001e"
            ],
            "markers": "python_version >= '3.6'",
            "version": "==1.78.0"
        },
        "aws-cdk.aws-sns-subscriptions": {
            "hashes": [
                "sha256:4fecec42b3f809561f2abfeaadf7ddd9ff42aa8be71f07281469dfcea0f144b3",
                "sha256:d4a9930f9649c5e7fb2d2ff0f3b7e8823ed3b2aa15dc24727624597f83a544e7"
            ],
            "markers": "python_version >= '3.6'",
            "version": "==1.78.0"
        },
        "aws-cdk.aws-sqs": {
            "hashes": [
                "sha256:6a4370a4da81f1237e7222cfacdaf010cabed2d4baa449d7218fa6851ab68824",
                "sha256:abef8c2ed47cf8bde9e8a5edf512096b62a1145d9bf27de80258073325d1e598"
            ],
            "markers": "python_version >= '3.6'",
            "version": "==1.78.0"
        },
        "aws-cdk.aws-ssm": {
            "hashes": [
                "sha256:1cf7479f9f9315f2d659265407c76daf349608092d7df8222a9b8afdebc429c6",
                "sha256:86b5491cce1c1c84adc30b71455aa378b4a9f3d128c02c800d44f78914a3d1f7"
            ],
            "markers": "python_version >= '3.6'",
            "version": "==1.78.0"
        },
        "aws-cdk.cloud-assembly-schema": {
            "hashes": [
                "sha256:33cff0a7719292e8ab64866becc40eb2c73550aaeb75d197df5eebe430f507c3",
                "sha256:8ebd1961aae8659f69b4e6364f4d6355c0bd850dc1fb2f787e12a475d7adef57"
            ],
            "markers": "python_version >= '3.6'",
            "version": "==1.78.0"
        },
        "aws-cdk.core": {
            "hashes": [
                "sha256:45b12917a932e5aa9deb3dc75eaa03269fb9ceacb5365523843abe9f2cb77405",
                "sha256:790c05cb4bf34387289ec017b526c6aab1dba990a22b5ca1df1e062fc66c0590"
            ],
            "markers": "python_version >= '3.6'",
            "version": "==1.78.0"
        },
        "aws-cdk.cx-api": {
            "hashes": [
                "sha256:c8437427674d9f8c8a2bc8dbfddc62eb138c2db32544c33962e4fa9eaa74f791",
                "sha256:dcbda085bd33c453c501f7e928485c3426418d976e10bef589c7f69f8b40b7f5"
            ],
            "markers": "python_version >= '3.6'",
            "version": "==1.78.0"
        },
        "aws-cdk.region-info": {
            "hashes": [
                "sha256:a6bf42ad929dbb32bbcd19b896e0f985eec67285a7cbdc1d83696c84a534ae6e",
                "sha256:e97f88069a9319e2e81378e1d69f07e5a5ecb3cd8e0d889656e2134115288934"
            ],
            "markers": "python_version >= '3.6'",
            "version": "==1.78.0"
        },
        "aws-sam-translator": {
            "hashes": [
                "sha256:321eb7d4ef09efe0ad4586ac8b355fd6e386fcd70cdd1852de83e3a704fc09f9",
                "sha256:4e10d53b5cd1e3ff76eb6741785f219fe5451a40b28dfb990a28cb36d1c98f6f",
                "sha256:8cbfac02529b79703541e25541b01c80868f11b0ff2a8f9032b235130d9d56ae"
            ],
            "version": "==1.32.0"
        },
        "boto3": {
            "hashes": [
                "sha256:18d7ba5d623d4794f439201ab900c9c14a50019bc52d9113b0a2bb2e1ef9af2c",
                "sha256:1ddfd307d409e7bc792bd12923078f59c2f56fbba4065c320b3f768481bbbbf7"
            ],
            "version": "==1.16.38"
        },
        "botocore": {
            "hashes": [
                "sha256:1f1ecb1b0c6ffc8fcdd5eeb40f33e986dfe9724dc66c83017014a0506af6378a",
                "sha256:38ccc132c5b9d1e7a4dd37af78061fd2dd0e4fd611f527b409a4e9a679a85cdb"
            ],
            "version": "==1.19.38"
        },
        "caponeme": {
            "editable": true,
            "path": "."
        },
        "cattrs": {
            "hashes": [
                "sha256:967ce8f99b79f112a500fc03d02c4da669966055ea190b0c59a023af0ae33e5f",
                "sha256:a5873cd4745a74388557730247b4bb005d762f8aba0ab7aa55bcbd190bdf3322"
            ],
            "markers": "python_version >= '3.7'",
            "version": "==1.1.2"
        },
        "cfn-lint": {
            "hashes": [
                "sha256:81a6b135cde112a192ca4c246aa2ce7e3aee6cef8b2f525eb8c3568aa88dd3fd",
                "sha256:87869944c66046466090c66bea75355506422b65e1ccd9bffcde35c6dc82c933"
            ],
            "index": "pypi",
            "version": "==0.44.0"
        },
        "constructs": {
            "hashes": [
                "sha256:324046bb1f6907193d22335366864d75377da57bace8018f1f3dcb61532502fe",
                "sha256:985700bf7ad322534cc0f5567eb4fa08429f684e5191b0a320d1115759853abb"
            ],
            "markers": "python_version >= '3.6'",
            "version": "==3.2.73"
        },
        "decorator": {
            "hashes": [
                "sha256:41fa54c2a0cc4ba648be4fd43cff00aedf5b9465c9bf18d64325bc225f08f760",
                "sha256:e3a62f0520172440ca0dcc823749319382e377f37f140a0b99ef45fecb84bfe7"
            ],
            "version": "==4.4.2"
        },
        "e1839a8": {
            "editable": true,
            "path": "."
        },
        "importlib-metadata": {
            "hashes": [
                "sha256:5c5a2720817414a6c41f0a49993908068243ae02c1635a228126519b509c8aed",
                "sha256:bf792d480abbd5eda85794e4afb09dd538393f7d6e6ffef6e9f03d2014cf9450"
            ],
            "markers": "python_version < '3.8' and python_version < '3.8'",
            "version": "==3.3.0"
        },
        "iniconfig": {
            "hashes": [
                "sha256:011e24c64b7f47f6ebd835bb12a743f2fbe9a26d4cecaa7f53bc4f35ee9da8b3",
                "sha256:bc3af051d7d14b2ee5ef9969666def0cd1a000e121eaea580d4a313df4b37f32"
            ],
            "version": "==1.1.1"
        },
        "jmespath": {
            "hashes": [
                "sha256:b85d0567b8666149a93172712e68920734333c0ce7e89b78b3e987f71e5ed4f9",
                "sha256:cdf6525904cc597730141d61b36f2e4b8ecc257c420fa2f4549bac2c2d0cb72f"
            ],
            "markers": "python_version >= '2.6' and python_version not in '3.0, 3.1, 3.2'",
            "version": "==0.10.0"
        },
        "jsii": {
            "hashes": [
                "sha256:afbd9905f6ddd0b53a07f085767e18619eb6ccf917663b6e69d5a93aaf927825",
                "sha256:c7bb8e7925498a27e677753514751c4e7934886327097e94151766160511620a"
            ],
            "markers": "python_version ~= '3.6'",
            "version": "==1.16.0"
        },
        "jsonpatch": {
            "hashes": [
                "sha256:da3831be60919e8c98564acfc1fa918cb96e7c9750b0428388483f04d0d1c5a7",
                "sha256:e930adc932e4d36087dbbf0f22e1ded32185dfb20662f2e3dd848677a5295a14"
            ],
            "markers": "python_version != '3.4'",
            "version": "==1.28"
        },
        "jsonpointer": {
            "hashes": [
                "sha256:c192ba86648e05fdae4f08a17ec25180a9aef5008d973407b581798a83975362",
                "sha256:ff379fa021d1b81ab539f5ec467c7745beb1a5671463f9dcc2b2d458bd361c1e"
            ],
            "markers": "python_version >= '2.7' and python_version not in '3.0, 3.1, 3.2, 3.3'",
            "version": "==2.0"
        },
        "jsonschema": {
            "hashes": [
                "sha256:4e5b3cf8216f577bee9ce139cbe72eca3ea4f292ec60928ff24758ce626cd163",
                "sha256:c8a85b28d377cc7737e46e2d9f2b4f44ee3c0e1deac6bf46ddefc7187d30797a"
            ],
            "version": "==3.2.0"
        },
        "junit-xml": {
            "hashes": [
                "sha256:ec5ca1a55aefdd76d28fcc0b135251d156c7106fa979686a4b48d62b761b4732"
            ],
            "version": "==1.9"
        },
        "networkx": {
            "hashes": [
                "sha256:7978955423fbc9639c10498878be59caf99b44dc304c2286162fd24b458c1602",
                "sha256:8c5812e9f798d37c50570d15c4a69d5710a18d77bafc903ee9c5fba7454c616c"
            ],
            "markers": "python_version >= '3.5'",
            "version": "==2.5"
        },
        "packaging": {
            "hashes": [
                "sha256:24e0da08660a87484d1602c30bb4902d74816b6985b93de36926f5bc95741858",
                "sha256:78598185a7008a470d64526a8059de9aaa449238f280fc9eb6b13ba6c4109093"
            ],
            "markers": "python_version >= '2.7' and python_version not in '3.0, 3.1, 3.2, 3.3'",
            "version": "==20.8"
        },
        "pathspec": {
            "hashes": [
                "sha256:86379d6b86d75816baba717e64b1a3a3469deb93bb76d613c9ce79edc5cb68fd",
                "sha256:aa0cb481c4041bf52ffa7b0d8fa6cd3e88a2ca4879c533c9153882ee2556790d"
            ],
            "version": "==0.8.1"
        },
        "pluggy": {
            "hashes": [
                "sha256:15b2acde666561e1298d71b523007ed7364de07029219b604cf808bfa1c765b0",
                "sha256:966c145cd83c96502c3c3868f50408687b38434af77734af1e9ca461a4081d2d"
            ],
            "markers": "python_version >= '2.7' and python_version not in '3.0, 3.1, 3.2, 3.3'",
            "version": "==0.13.1"
        },
        "publication": {
            "hashes": [
                "sha256:0248885351febc11d8a1098d5c8e3ab2dabcf3e8c0c96db1e17ecd12b53afbe6",
                "sha256:68416a0de76dddcdd2930d1c8ef853a743cc96c82416c4e4d3b5d901c6276dc4"
            ],
            "version": "==0.0.3"
        },
        "py": {
            "hashes": [
                "sha256:21b81bda15b66ef5e1a777a21c4dcd9c20ad3efd0b3f817e7a809035269e1bd3",
                "sha256:3b80836aa6d1feeaa108e046da6423ab8f6ceda6468545ae8d02d9d58d18818a"
            ],
            "markers": "python_version >= '2.7' and python_version not in '3.0, 3.1, 3.2, 3.3'",
            "version": "==1.10.0"
        },
        "pyparsing": {
            "hashes": [
                "sha256:c203ec8783bf771a155b207279b9bccb8dea02d8f0c9e5f8ead507bc3246ecc1",
                "sha256:ef9d7589ef3c200abe66653d3f1ab1033c3c419ae9b9bdb1240a85b024efc88b"
            ],
            "markers": "python_version >= '2.6' and python_version not in '3.0, 3.1, 3.2'",
            "version": "==2.4.7"
        },
        "pyrsistent": {
            "hashes": [
                "sha256:2e636185d9eb976a18a8a8e96efce62f2905fea90041958d8cc2a189756ebf3e"
            ],
            "markers": "python_version >= '3.5'",
            "version": "==0.17.3"
        },
        "pytest": {
            "hashes": [
                "sha256:1969f797a1a0dbd8ccf0fecc80262312729afea9c17f1d70ebf85c5e76c6f7c8",
                "sha256:66e419b1899bc27346cb2c993e12c5e5e8daba9073c1fbce33b9807abc95c306"
            ],
            "index": "pypi",
            "version": "==6.2.1"
        },
        "python-dateutil": {
            "hashes": [
                "sha256:73ebfe9dbf22e832286dafa60473e4cd239f8592f699aa5adaf10050e6e1823c",
                "sha256:75bb3f31ea686f1197762692a9ee6a7550b59fc6ca3a1f4b5d7e32fb98e2da2a"
            ],
            "markers": "python_version >= '2.7' and python_version not in '3.0, 3.1, 3.2'",
            "version": "==2.8.1"
        },
        "pyyaml": {
            "hashes": [
                "sha256:06a0d7ba600ce0b2d2fe2e78453a470b5a6e000a985dd4a4e54e436cc36b0e97",
                "sha256:240097ff019d7c70a4922b6869d8a86407758333f02203e0fc6ff79c5dcede76",
                "sha256:4f4b913ca1a7319b33cfb1369e91e50354d6f07a135f3b901aca02aa95940bd2",
                "sha256:6034f55dab5fea9e53f436aa68fa3ace2634918e8b5994d82f3621c04ff5ed2e",
                "sha256:69f00dca373f240f842b2931fb2c7e14ddbacd1397d57157a9b005a6a9942648",
                "sha256:73f099454b799e05e5ab51423c7bcf361c58d3206fa7b0d555426b1f4d9a3eaf",
                "sha256:74809a57b329d6cc0fdccee6318f44b9b8649961fa73144a98735b0aaf029f1f",
                "sha256:7739fc0fa8205b3ee8808aea45e968bc90082c10aef6ea95e855e10abf4a37b2",
                "sha256:95f71d2af0ff4227885f7a6605c37fd53d3a106fcab511b8860ecca9fcf400ee",
                "sha256:ad9c67312c84def58f3c04504727ca879cb0013b2517c85a9a253f0cb6380c0a",
                "sha256:b8eac752c5e14d3eca0e6dd9199cd627518cb5ec06add0de9d32baeee6fe645d",
                "sha256:cc8955cfbfc7a115fa81d85284ee61147059a753344bc51098f3ccd69b0d7e0c",
                "sha256:d13155f591e6fcc1ec3b30685d50bf0711574e2c0dfffd7644babf8b5102ca1a"
            ],
            "markers": "python_version != '3.4'",
            "version": "==5.3.1"
        },
        "s3transfer": {
            "hashes": [
                "sha256:2482b4259524933a022d59da830f51bd746db62f047d6eb213f2f8855dcb8a13",
                "sha256:921a37e2aefc64145e7b73d50c71bb4f26f46e4c9f414dc648c6245ff92cf7db"
            ],
            "version": "==0.3.3"
        },
        "six": {
            "hashes": [
                "sha256:30639c035cdb23534cd4aa2dd52c3bf48f06e5f4a941509c8bafd8ce11080259",
                "sha256:8b74bedcbbbaca38ff6d7491d76f2b06b3592611af620f8426e82dddb04a5ced"
            ],
            "markers": "python_version >= '2.7' and python_version not in '3.0, 3.1, 3.2'",
            "version": "==1.15.0"
        },
        "toml": {
            "hashes": [
                "sha256:806143ae5bfb6a3c6e736a764057db0e6a0e05e338b5630894a5f779cabb4f9b",
                "sha256:b3bda1d108d5dd99f4a20d24d9c348e91c4db7ab1b749200bded2f839ccbe68f"
            ],
            "markers": "python_version >= '2.6' and python_version not in '3.0, 3.1, 3.2'",
            "version": "==0.10.2"
        },
        "typing-extensions": {
            "hashes": [
                "sha256:7cb407020f00f7bfc3cb3e7881628838e69d8f3fcab2f64742a5e76b2f841918",
                "sha256:99d4073b617d30288f569d3f13d2bd7548c3a7e4c8de87db09a9d29bb3a4a60c",
                "sha256:dafc7639cde7f1b6e1acc0f457842a83e722ccca8eef5270af2d74792619a89f"
            ],
            "version": "==3.7.4.3"
        },
        "urllib3": {
            "hashes": [
                "sha256:19188f96923873c92ccb987120ec4acaa12f0461fa9ce5d3d0772bc965a39e08",
                "sha256:d8ff90d979214d7b4f8ce956e80f4028fc6860e4431f731ea4a8c08f23f99473"
            ],
            "markers": "python_version != '3.4'",
            "version": "==1.26.2"
        },
        "yamllint": {
            "hashes": [
                "sha256:b1549cbe5b47b6ba67bdeea31720f5c51431a4d0c076c1557952d841f7223519",
                "sha256:c7be4d0d2584a1b561498fa9acb77ad22eb434a109725c7781373ae496d823b3"
            ],
            "index": "pypi",
            "version": "==1.25.0"
        },
        "zipp": {
            "hashes": [
                "sha256:102c24ef8f171fd729d46599845e95c7ab894a4cf45f5de11a44cc7444fb1108",
                "sha256:ed5eee1974372595f9e416cc7bbeeb12335201d8081ca8a0743c954d4446e5cb"
            ],
            "markers": "python_version >= '3.6'",
            "version": "==3.4.0"
        }
    }
}
